
Microsoft Visual Studio Solution File, Format Version 12.00
# Visual Studio Version 16
VisualStudioVersion = 16.0.31702.278
MinimumVisualStudioVersion = 10.0.40219.1
Project("{FAE04EC0-301F-11D3-BF4B-00C04F79EFBC}") = "state_ codes", "state_ codes\state_ codes.csproj", "{492CFC94-1537-4C43-A95C-2435A920F2AF}"
EndProject
Global
	GlobalSection(SolutionConfigurationPlatforms) = preSolution
		Debug|Any CPU = Debug|Any CPU
		Release|Any CPU = Release|Any CPU
	EndGlobalSection
	GlobalSection(ProjectConfigurationPlatforms) = postSolution
		{492CFC94-1537-4C43-A95C-2435A920F2AF}.Debug|Any CPU.ActiveCfg = Debug|Any CPU
		{492CFC94-1537-4C43-A95C-2435A920F2AF}.Debug|Any CPU.Build.0 = Debug|Any CPU
		{492CFC94-1537-4C43-A95C-2435A920F2AF}.Release|Any CPU.ActiveCfg = Release|Any CPU
		{492CFC94-1537-4C43-A95C-2435A920F2AF}.Release|Any CPU.Build.0 = Release|Any CPU
	EndGlobalSection
	GlobalSection(SolutionProperties) = preSolution
		HideSolutionNode = FALSE
	EndGlobalSection
	GlobalSection(ExtensibilityGlobals) = postSolution
		SolutionGuid = {39D1017F-585F-4FA0-A1AB-B925656D0C5A}
	EndGlobalSection
EndGlobal
